
Microsoft Visual Studio Solution File, Format Version 12.00
# Visual Studio Version 17
VisualStudioVersion = 17.6.33829.357
MinimumVisualStudioVersion = 10.0.40219.1
Project("{FAE04EC0-301F-11D3-BF4B-00C04F79EFBC}") = "AdventOfCode.Core", "AdventOfCode.Core\AdventOfCode.Core.csproj", "{3E017D9A-E247-462A-B144-F58F12AD320D}"
EndProject
Project("{FAE04EC0-301F-11D3-BF4B-00C04F79EFBC}") = "AdventOfCode", "AdventOfCode\AdventOfCode.csproj", "{74E8F086-312E-4F71-BEB3-57ECD1483120}"
EndProject
Global
	GlobalSection(SolutionConfigurationPlatforms) = preSolution
		Debug|Any CPU = Debug|Any CPU
		Release|Any CPU = Release|Any CPU
	EndGlobalSection
	GlobalSection(ProjectConfigurationPlatforms) = postSolution
		{3E017D9A-E247-462A-B144-F58F12AD320D}.Debug|Any CPU.ActiveCfg = Debug|Any CPU
		{3E017D9A-E247-462A-B144-F58F12AD320D}.Debug|Any CPU.Build.0 = Debug|Any CPU
		{3E017D9A-E247-462A-B144-F58F12AD320D}.Release|Any CPU.ActiveCfg = Release|Any CPU
		{3E017D9A-E247-462A-B144-F58F12AD320D}.Release|Any CPU.Build.0 = Release|Any CPU
		{74E8F086-312E-4F71-BEB3-57ECD1483120}.Debug|Any CPU.ActiveCfg = Debug|Any CPU
		{74E8F086-312E-4F71-BEB3-57ECD1483120}.Debug|Any CPU.Build.0 = Debug|Any CPU
		{74E8F086-312E-4F71-BEB3-57ECD1483120}.Release|Any CPU.ActiveCfg = Release|Any CPU
		{74E8F086-312E-4F71-BEB3-57ECD1483120}.Release|Any CPU.Build.0 = Release|Any CPU
	EndGlobalSection
	GlobalSection(SolutionProperties) = preSolution
		HideSolutionNode = FALSE
	EndGlobalSection
	GlobalSection(ExtensibilityGlobals) = postSolution
		SolutionGuid = {2AAB98FF-984F-4C77-9F3A-E14A34B8DB05}
	EndGlobalSection
EndGlobal
